
Microsoft Visual Studio Solution File, Format Version 12.00
# Visual Studio Version 16
VisualStudioVersion = 16.0.30711.63
MinimumVisualStudioVersion = 10.0.40219.1
Project("{FAE04EC0-301F-11D3-BF4B-00C04F79EFBC}") = "EntityRelationsExercises", "EntityRelationsExercises\EntityRelationsExercises.csproj", "{1B3414BF-AC1D-49D1-BBC0-1A15515B6959}"
EndProject
Global
	GlobalSection(SolutionConfigurationPlatforms) = preSolution
		Debug|Any CPU = Debug|Any CPU
		Release|Any CPU = Release|Any CPU
	EndGlobalSection
	GlobalSection(ProjectConfigurationPlatforms) = postSolution
		{1B3414BF-AC1D-49D1-BBC0-1A15515B6959}.Debug|Any CPU.ActiveCfg = Debug|Any CPU
		{1B3414BF-AC1D-49D1-BBC0-1A15515B6959}.Debug|Any CPU.Build.0 = Debug|Any CPU
		{1B3414BF-AC1D-49D1-BBC0-1A15515B6959}.Release|Any CPU.ActiveCfg = Release|Any CPU
		{1B3414BF-AC1D-49D1-BBC0-1A15515B6959}.Release|Any CPU.Build.0 = Release|Any CPU
	EndGlobalSection
	GlobalSection(SolutionProperties) = preSolution
		HideSolutionNode = FALSE
	EndGlobalSection
	GlobalSection(ExtensibilityGlobals) = postSolution
		SolutionGuid = {4EA3B2EF-54DC-4A98-A7DF-31BEC83D5068}
	EndGlobalSection
EndGlobal
