
Microsoft Visual Studio Solution File, Format Version 12.00
# Visual Studio Version 16
VisualStudioVersion = 16.0.30711.63
MinimumVisualStudioVersion = 10.0.40219.1
Project("{9A19103F-16F7-4668-BE54-9A1E7A4F7556}") = "P03_FootballBetting", "P03_FootballBetting\P03_FootballBetting.csproj", "{6B619092-B325-4EB9-81AD-834980CB4B38}"
EndProject
Project("{FAE04EC0-301F-11D3-BF4B-00C04F79EFBC}") = "P01_StudentSystem", "P01_StudentSystem\P01_StudentSystem.csproj", "{94E009EF-7F5C-4E53-8C69-7BBD74235C0C}"
EndProject
Global
	GlobalSection(SolutionConfigurationPlatforms) = preSolution
		Debug|Any CPU = Debug|Any CPU
		Release|Any CPU = Release|Any CPU
	EndGlobalSection
	GlobalSection(ProjectConfigurationPlatforms) = postSolution
		{6B619092-B325-4EB9-81AD-834980CB4B38}.Debug|Any CPU.ActiveCfg = Debug|Any CPU
		{6B619092-B325-4EB9-81AD-834980CB4B38}.Debug|Any CPU.Build.0 = Debug|Any CPU
		{6B619092-B325-4EB9-81AD-834980CB4B38}.Release|Any CPU.ActiveCfg = Release|Any CPU
		{6B619092-B325-4EB9-81AD-834980CB4B38}.Release|Any CPU.Build.0 = Release|Any CPU
		{94E009EF-7F5C-4E53-8C69-7BBD74235C0C}.Debug|Any CPU.ActiveCfg = Debug|Any CPU
		{94E009EF-7F5C-4E53-8C69-7BBD74235C0C}.Debug|Any CPU.Build.0 = Debug|Any CPU
		{94E009EF-7F5C-4E53-8C69-7BBD74235C0C}.Release|Any CPU.ActiveCfg = Release|Any CPU
		{94E009EF-7F5C-4E53-8C69-7BBD74235C0C}.Release|Any CPU.Build.0 = Release|Any CPU
	EndGlobalSection
	GlobalSection(SolutionProperties) = preSolution
		HideSolutionNode = FALSE
	EndGlobalSection
	GlobalSection(ExtensibilityGlobals) = postSolution
		SolutionGuid = {DAFAB5D8-175A-4654-BF0C-6DD1A3D30C3B}
	EndGlobalSection
EndGlobal
